
Microsoft Visual Studio Solution File, Format Version 12.00
# Visual Studio Version 17
VisualStudioVersion = 17.6.33815.320
MinimumVisualStudioVersion = 10.0.40219.1
Project("{8BC9CEB8-8B4A-11D0-8D11-00A0C91BC942}") = "Grok++", "Grok++\Grok++.vcxitems", "{AB6CDA9A-2DAC-446F-8FBA-8AE2C487CC32}"
EndProject
Project("{8BC9CEB8-8B4A-11D0-8D11-00A0C91BC942}") = "piholeLogAnalyser++", "piholeLogAnalyser++\piholeLogAnalyser++.vcxproj", "{DBE89817-4159-4A6E-91D9-B311FBA3DE54}"
EndProject
Global
	GlobalSection(SolutionConfigurationPlatforms) = preSolution
		Debug|Any CPU = Debug|Any CPU
		Debug|ARM = Debug|ARM
		Debug|ARM64 = Debug|ARM64
		Debug|x64 = Debug|x64
		Debug|x86 = Debug|x86
		Release|Any CPU = Release|Any CPU
		Release|ARM = Release|ARM
		Release|ARM64 = Release|ARM64
		Release|x64 = Release|x64
		Release|x86 = Release|x86
	EndGlobalSection
	GlobalSection(ProjectConfigurationPlatforms) = postSolution
		{DBE89817-4159-4A6E-91D9-B311FBA3DE54}.Debug|Any CPU.ActiveCfg = Debug|x64
		{DBE89817-4159-4A6E-91D9-B311FBA3DE54}.Debug|Any CPU.Build.0 = Debug|x64
		{DBE89817-4159-4A6E-91D9-B311FBA3DE54}.Debug|Any CPU.Deploy.0 = Debug|x64
		{DBE89817-4159-4A6E-91D9-B311FBA3DE54}.Debug|ARM.ActiveCfg = Debug|ARM
		{DBE89817-4159-4A6E-91D9-B311FBA3DE54}.Debug|ARM.Build.0 = Debug|ARM
		{DBE89817-4159-4A6E-91D9-B311FBA3DE54}.Debug|ARM.Deploy.0 = Debug|ARM
		{DBE89817-4159-4A6E-91D9-B311FBA3DE54}.Debug|ARM64.ActiveCfg = Debug|ARM64
		{DBE89817-4159-4A6E-91D9-B311FBA3DE54}.Debug|ARM64.Build.0 = Debug|ARM64
		{DBE89817-4159-4A6E-91D9-B311FBA3DE54}.Debug|ARM64.Deploy.0 = Debug|ARM64
		{DBE89817-4159-4A6E-91D9-B311FBA3DE54}.Debug|x64.ActiveCfg = Debug|ARM64
		{DBE89817-4159-4A6E-91D9-B311FBA3DE54}.Debug|x64.Build.0 = Debug|ARM64
		{DBE89817-4159-4A6E-91D9-B311FBA3DE54}.Debug|x64.Deploy.0 = Debug|ARM64
		{DBE89817-4159-4A6E-91D9-B311FBA3DE54}.Debug|x86.ActiveCfg = Debug|x86
		{DBE89817-4159-4A6E-91D9-B311FBA3DE54}.Debug|x86.Build.0 = Debug|x86
		{DBE89817-4159-4A6E-91D9-B311FBA3DE54}.Debug|x86.Deploy.0 = Debug|x86
		{DBE89817-4159-4A6E-91D9-B311FBA3DE54}.Release|Any CPU.ActiveCfg = Release|x64
		{DBE89817-4159-4A6E-91D9-B311FBA3DE54}.Release|Any CPU.Build.0 = Release|x64
		{DBE89817-4159-4A6E-91D9-B311FBA3DE54}.Release|Any CPU.Deploy.0 = Release|x64
		{DBE89817-4159-4A6E-91D9-B311FBA3DE54}.Release|ARM.ActiveCfg = Release|ARM
		{DBE89817-4159-4A6E-91D9-B311FBA3DE54}.Release|ARM.Build.0 = Release|ARM
		{DBE89817-4159-4A6E-91D9-B311FBA3DE54}.Release|ARM.Deploy.0 = Release|ARM
		{DBE89817-4159-4A6E-91D9-B311FBA3DE54}.Release|ARM64.ActiveCfg = Release|ARM64
		{DBE89817-4159-4A6E-91D9-B311FBA3DE54}.Release|ARM64.Build.0 = Release|ARM64
		{DBE89817-4159-4A6E-91D9-B311FBA3DE54}.Release|ARM64.Deploy.0 = Release|ARM64
		{DBE89817-4159-4A6E-91D9-B311FBA3DE54}.Release|x64.ActiveCfg = Release|ARM64
		{DBE89817-4159-4A6E-91D9-B311FBA3DE54}.Release|x64.Build.0 = Release|ARM64
		{DBE89817-4159-4A6E-91D9-B311FBA3DE54}.Release|x64.Deploy.0 = Release|ARM64
		{DBE89817-4159-4A6E-91D9-B311FBA3DE54}.Release|x86.ActiveCfg = Release|x86
		{DBE89817-4159-4A6E-91D9-B311FBA3DE54}.Release|x86.Build.0 = Release|x86
		{DBE89817-4159-4A6E-91D9-B311FBA3DE54}.Release|x86.Deploy.0 = Release|x86
	EndGlobalSection
	GlobalSection(SolutionProperties) = preSolution
		HideSolutionNode = FALSE
	EndGlobalSection
	GlobalSection(ExtensibilityGlobals) = postSolution
		SolutionGuid = {7DF091B5-EAC6-4901-8336-57F2E61671A6}
	EndGlobalSection
	GlobalSection(SharedMSBuildProjectFiles) = preSolution
		Grok++\Grok++.vcxitems*{ab6cda9a-2dac-446f-8fba-8ae2c487cc32}*SharedItemsImports = 9
		Grok++\Grok++.vcxitems*{dbe89817-4159-4a6e-91d9-b311fba3de54}*SharedItemsImports = 4
	EndGlobalSection
EndGlobal
